
Microsoft Visual Studio Solution File, Format Version 12.00
# Visual Studio Version 17
VisualStudioVersion = 17.11.35327.3
MinimumVisualStudioVersion = 10.0.40219.1
Project("{FAE04EC0-301F-11D3-BF4B-00C04F79EFBC}") = "ContactList", "ContactList\ContactList.csproj", "{233BA254-CDDA-4693-BB19-3D36A7733C67}"
EndProject
Global
	GlobalSection(SolutionConfigurationPlatforms) = preSolution
		Debug|Any CPU = Debug|Any CPU
		Release|Any CPU = Release|Any CPU
	EndGlobalSection
	GlobalSection(ProjectConfigurationPlatforms) = postSolution
		{233BA254-CDDA-4693-BB19-3D36A7733C67}.Debug|Any CPU.ActiveCfg = Debug|Any CPU
		{233BA254-CDDA-4693-BB19-3D36A7733C67}.Debug|Any CPU.Build.0 = Debug|Any CPU
		{233BA254-CDDA-4693-BB19-3D36A7733C67}.Release|Any CPU.ActiveCfg = Release|Any CPU
		{233BA254-CDDA-4693-BB19-3D36A7733C67}.Release|Any CPU.Build.0 = Release|Any CPU
	EndGlobalSection
	GlobalSection(SolutionProperties) = preSolution
		HideSolutionNode = FALSE
	EndGlobalSection
	GlobalSection(ExtensibilityGlobals) = postSolution
		SolutionGuid = {6F62B4A5-87E2-4006-899B-D94BF3FECC5E}
	EndGlobalSection
EndGlobal
